# This file is automatically @generated by Cargo.
# It is not intended for manual editing.
version = 3

[[package]]
name = "energy-sim-cli"
version = "0.1.0"
dependencies = [
 "energy-sim-core",
 "energy-sim-runtime",
]

[[package]]
name = "energy-sim-core"
version = "0.1.0"

[[package]]
name = "energy-sim-runtime"
version = "0.1.0"
dependencies = [
 "energy-sim-core",
]
